
Microsoft Visual Studio Solution File, Format Version 12.00
# Visual Studio Version 17
VisualStudioVersion = 17.1.32328.378
MinimumVisualStudioVersion = 10.0.40219.1
Project("{F2A71F9B-5D33-465A-A702-920D77279786}") = "Farse", "Farse\Farse.fsproj", "{59F3DA68-88C8-4448-80F4-E9FC40E3ACB8}"
EndProject
Project("{F2A71F9B-5D33-465A-A702-920D77279786}") = "Farse.Test", "Farse.Test\Farse.Test.fsproj", "{AF25959E-C534-4B93-8D07-43540EB1B237}"
EndProject
Global
	GlobalSection(SolutionConfigurationPlatforms) = preSolution
		Debug|Any CPU = Debug|Any CPU
		Release|Any CPU = Release|Any CPU
	EndGlobalSection
	GlobalSection(ProjectConfigurationPlatforms) = postSolution
		{59F3DA68-88C8-4448-80F4-E9FC40E3ACB8}.Debug|Any CPU.ActiveCfg = Debug|Any CPU
		{59F3DA68-88C8-4448-80F4-E9FC40E3ACB8}.Debug|Any CPU.Build.0 = Debug|Any CPU
		{59F3DA68-88C8-4448-80F4-E9FC40E3ACB8}.Release|Any CPU.ActiveCfg = Release|Any CPU
		{59F3DA68-88C8-4448-80F4-E9FC40E3ACB8}.Release|Any CPU.Build.0 = Release|Any CPU
		{AF25959E-C534-4B93-8D07-43540EB1B237}.Debug|Any CPU.ActiveCfg = Debug|Any CPU
		{AF25959E-C534-4B93-8D07-43540EB1B237}.Debug|Any CPU.Build.0 = Debug|Any CPU
		{AF25959E-C534-4B93-8D07-43540EB1B237}.Release|Any CPU.ActiveCfg = Release|Any CPU
		{AF25959E-C534-4B93-8D07-43540EB1B237}.Release|Any CPU.Build.0 = Release|Any CPU
	EndGlobalSection
	GlobalSection(SolutionProperties) = preSolution
		HideSolutionNode = FALSE
	EndGlobalSection
	GlobalSection(ExtensibilityGlobals) = postSolution
		SolutionGuid = {A1AA93C2-95BD-4DA1-9F62-D1BD556FE0C4}
	EndGlobalSection
EndGlobal
